
Microsoft Visual Studio Solution File, Format Version 12.00
Project("{2150E333-8FDC-42A3-9474-1A3956D46DE8}") = "Accesses", "Accesses", "{2677E863-6DD1-4F5B-8D16-53CB2FB4ABBA}"
EndProject
Project("{2150E333-8FDC-42A3-9474-1A3956D46DE8}") = "Users", "Users", "{84AC1B0E-8D6F-40E8-A14F-D5F43819D481}"
EndProject
Project("{2150E333-8FDC-42A3-9474-1A3956D46DE8}") = "Infra", "Infra", "{FB1B148A-B653-4900-9EC1-F17B98D99310}"
EndProject
Project("{2150E333-8FDC-42A3-9474-1A3956D46DE8}") = "Consumer", "Consumer", "{90522B30-5401-4F5F-891F-84136F98A2FA}"
EndProject
Project("{2150E333-8FDC-42A3-9474-1A3956D46DE8}") = "Data", "Data", "{F963B6F3-C731-429C-9A8B-E70327B51888}"
EndProject
Project("{2150E333-8FDC-42A3-9474-1A3956D46DE8}") = "Commons", "Commons", "{A3C7DD21-EFA2-4D58-B517-8CC31FFAB12C}"
EndProject
Project("{2150E333-8FDC-42A3-9474-1A3956D46DE8}") = "Infra", "Infra", "{ED2E9C90-6E89-4E2B-89AB-1A60146B1215}"
EndProject
Project("{2150E333-8FDC-42A3-9474-1A3956D46DE8}") = "Data", "Data", "{85EF5077-B536-4114-A248-86EC6B187D50}"
EndProject
Project("{F2A71F9B-5D33-465A-A702-920D77279786}") = "Accesses.Users.Infra.Data", "Accesses\Users\Accesses.Users.Infra.Data\Accesses.Users.Infra.Data.fsproj", "{DD2FB649-0F25-4DE5-8BF5-91566798E4AC}"
EndProject
Project("{F2A71F9B-5D33-465A-A702-920D77279786}") = "Commons.Infra.Data", "Commons\Commons.Infra.Data\Commons.Infra.Data.fsproj", "{66235564-E1DD-4CFE-813A-2CA2C67DB654}"
EndProject
Project("{F2A71F9B-5D33-465A-A702-920D77279786}") = "Accesses.Users.Consumer", "Accesses\Users\Accesses.Users.Consumer\Accesses.Users.Consumer.fsproj", "{105FF5A2-B2E3-4397-AA0B-57C70ECBF05E}"
EndProject
Project("{2150E333-8FDC-42A3-9474-1A3956D46DE8}") = "Kafka", "Kafka", "{492ACF6B-1627-4FBA-92F3-160F9563F591}"
EndProject
Project("{F2A71F9B-5D33-465A-A702-920D77279786}") = "Commons.Kafka", "Commons\Commons.Kafka\Commons.Kafka.fsproj", "{4F132340-5421-4EF8-BD08-C0C3336A3E19}"
EndProject
Project("{2150E333-8FDC-42A3-9474-1A3956D46DE8}") = "Orchestration", "Orchestration", "{B8ED10F6-0AD7-4140-8586-009804DC9C3C}"
EndProject
Project("{F2A71F9B-5D33-465A-A702-920D77279786}") = "Accesses.Users.Orchestration", "Accesses\Users\Accesses.Users.Orchestration\src\Accesses.Users.Orchestration\Accesses.Users.Orchestration.fsproj", "{3C397260-00DA-4B99-AF8F-20EB19A50B2B}"
EndProject
Project("{2150E333-8FDC-42A3-9474-1A3956D46DE8}") = "Messages", "Messages", "{189F9B38-2A11-46A4-962A-769430C2679D}"
EndProject
Project("{F2A71F9B-5D33-465A-A702-920D77279786}") = "Commons.Messages", "Commons\Commons.Messages\Commons.Messages.fsproj", "{D221EFFE-9064-4AD0-ACD9-E063A7139249}"
EndProject
Project("{2150E333-8FDC-42A3-9474-1A3956D46DE8}") = "Migration", "Migration", "{D006620D-735F-4C25-A195-CCF8E91F9AC7}"
EndProject
Project("{F2A71F9B-5D33-465A-A702-920D77279786}") = "Accesses.Users.Infra.Migration", "Accesses\Users\Accesses.Users.Infra.Migration\Accesses.Users.Infra.Migration.fsproj", "{45B37420-FF28-4095-8602-A8651F308137}"
EndProject
Global
	GlobalSection(SolutionConfigurationPlatforms) = preSolution
		Debug|Any CPU = Debug|Any CPU
		Release|Any CPU = Release|Any CPU
	EndGlobalSection
	GlobalSection(NestedProjects) = preSolution
		{84AC1B0E-8D6F-40E8-A14F-D5F43819D481} = {2677E863-6DD1-4F5B-8D16-53CB2FB4ABBA}
		{FB1B148A-B653-4900-9EC1-F17B98D99310} = {84AC1B0E-8D6F-40E8-A14F-D5F43819D481}
		{90522B30-5401-4F5F-891F-84136F98A2FA} = {84AC1B0E-8D6F-40E8-A14F-D5F43819D481}
		{F963B6F3-C731-429C-9A8B-E70327B51888} = {FB1B148A-B653-4900-9EC1-F17B98D99310}
		{ED2E9C90-6E89-4E2B-89AB-1A60146B1215} = {A3C7DD21-EFA2-4D58-B517-8CC31FFAB12C}
		{82011A12-A7C3-4429-9B33-8F28BCFED37A} = {ED2E9C90-6E89-4E2B-89AB-1A60146B1215}
		{85EF5077-B536-4114-A248-86EC6B187D50} = {ED2E9C90-6E89-4E2B-89AB-1A60146B1215}
		{DD2FB649-0F25-4DE5-8BF5-91566798E4AC} = {F963B6F3-C731-429C-9A8B-E70327B51888}
		{193834AA-65F1-4FB3-B567-23639A6C494C} = {82011A12-A7C3-4429-9B33-8F28BCFED37A}
		{66235564-E1DD-4CFE-813A-2CA2C67DB654} = {85EF5077-B536-4114-A248-86EC6B187D50}
		{105FF5A2-B2E3-4397-AA0B-57C70ECBF05E} = {90522B30-5401-4F5F-891F-84136F98A2FA}
		{492ACF6B-1627-4FBA-92F3-160F9563F591} = {A3C7DD21-EFA2-4D58-B517-8CC31FFAB12C}
		{4F132340-5421-4EF8-BD08-C0C3336A3E19} = {492ACF6B-1627-4FBA-92F3-160F9563F591}
		{B8ED10F6-0AD7-4140-8586-009804DC9C3C} = {84AC1B0E-8D6F-40E8-A14F-D5F43819D481}
		{3C397260-00DA-4B99-AF8F-20EB19A50B2B} = {B8ED10F6-0AD7-4140-8586-009804DC9C3C}
		{189F9B38-2A11-46A4-962A-769430C2679D} = {A3C7DD21-EFA2-4D58-B517-8CC31FFAB12C}
		{D221EFFE-9064-4AD0-ACD9-E063A7139249} = {189F9B38-2A11-46A4-962A-769430C2679D}
		{D006620D-735F-4C25-A195-CCF8E91F9AC7} = {FB1B148A-B653-4900-9EC1-F17B98D99310}
		{45B37420-FF28-4095-8602-A8651F308137} = {D006620D-735F-4C25-A195-CCF8E91F9AC7}
	EndGlobalSection
	GlobalSection(ProjectConfigurationPlatforms) = postSolution
		{DD2FB649-0F25-4DE5-8BF5-91566798E4AC}.Debug|Any CPU.ActiveCfg = Debug|Any CPU
		{DD2FB649-0F25-4DE5-8BF5-91566798E4AC}.Debug|Any CPU.Build.0 = Debug|Any CPU
		{DD2FB649-0F25-4DE5-8BF5-91566798E4AC}.Release|Any CPU.ActiveCfg = Release|Any CPU
		{DD2FB649-0F25-4DE5-8BF5-91566798E4AC}.Release|Any CPU.Build.0 = Release|Any CPU
		{193834AA-65F1-4FB3-B567-23639A6C494C}.Debug|Any CPU.ActiveCfg = Debug|Any CPU
		{193834AA-65F1-4FB3-B567-23639A6C494C}.Debug|Any CPU.Build.0 = Debug|Any CPU
		{193834AA-65F1-4FB3-B567-23639A6C494C}.Release|Any CPU.ActiveCfg = Release|Any CPU
		{193834AA-65F1-4FB3-B567-23639A6C494C}.Release|Any CPU.Build.0 = Release|Any CPU
		{66235564-E1DD-4CFE-813A-2CA2C67DB654}.Debug|Any CPU.ActiveCfg = Debug|Any CPU
		{66235564-E1DD-4CFE-813A-2CA2C67DB654}.Debug|Any CPU.Build.0 = Debug|Any CPU
		{66235564-E1DD-4CFE-813A-2CA2C67DB654}.Release|Any CPU.ActiveCfg = Release|Any CPU
		{66235564-E1DD-4CFE-813A-2CA2C67DB654}.Release|Any CPU.Build.0 = Release|Any CPU
		{105FF5A2-B2E3-4397-AA0B-57C70ECBF05E}.Debug|Any CPU.ActiveCfg = Debug|Any CPU
		{105FF5A2-B2E3-4397-AA0B-57C70ECBF05E}.Debug|Any CPU.Build.0 = Debug|Any CPU
		{105FF5A2-B2E3-4397-AA0B-57C70ECBF05E}.Release|Any CPU.ActiveCfg = Release|Any CPU
		{105FF5A2-B2E3-4397-AA0B-57C70ECBF05E}.Release|Any CPU.Build.0 = Release|Any CPU
		{4F132340-5421-4EF8-BD08-C0C3336A3E19}.Debug|Any CPU.ActiveCfg = Debug|Any CPU
		{4F132340-5421-4EF8-BD08-C0C3336A3E19}.Debug|Any CPU.Build.0 = Debug|Any CPU
		{4F132340-5421-4EF8-BD08-C0C3336A3E19}.Release|Any CPU.ActiveCfg = Release|Any CPU
		{4F132340-5421-4EF8-BD08-C0C3336A3E19}.Release|Any CPU.Build.0 = Release|Any CPU
		{3C397260-00DA-4B99-AF8F-20EB19A50B2B}.Debug|Any CPU.ActiveCfg = Debug|Any CPU
		{3C397260-00DA-4B99-AF8F-20EB19A50B2B}.Debug|Any CPU.Build.0 = Debug|Any CPU
		{3C397260-00DA-4B99-AF8F-20EB19A50B2B}.Release|Any CPU.ActiveCfg = Release|Any CPU
		{3C397260-00DA-4B99-AF8F-20EB19A50B2B}.Release|Any CPU.Build.0 = Release|Any CPU
		{D221EFFE-9064-4AD0-ACD9-E063A7139249}.Debug|Any CPU.ActiveCfg = Debug|Any CPU
		{D221EFFE-9064-4AD0-ACD9-E063A7139249}.Debug|Any CPU.Build.0 = Debug|Any CPU
		{D221EFFE-9064-4AD0-ACD9-E063A7139249}.Release|Any CPU.ActiveCfg = Release|Any CPU
		{D221EFFE-9064-4AD0-ACD9-E063A7139249}.Release|Any CPU.Build.0 = Release|Any CPU
		{45B37420-FF28-4095-8602-A8651F308137}.Debug|Any CPU.ActiveCfg = Debug|Any CPU
		{45B37420-FF28-4095-8602-A8651F308137}.Debug|Any CPU.Build.0 = Debug|Any CPU
		{45B37420-FF28-4095-8602-A8651F308137}.Release|Any CPU.ActiveCfg = Release|Any CPU
		{45B37420-FF28-4095-8602-A8651F308137}.Release|Any CPU.Build.0 = Release|Any CPU
	EndGlobalSection
EndGlobal
